{
  "requires": true,
  "lockfileVersion": 1,
  "dependencies": {
    "@ionic-native/in-app-browser": {
      "version": "5.31.1",
      "resolved": "https://registry.npmjs.org/@ionic-native/in-app-browser/-/in-app-browser-5.31.1.tgz",
      "integrity": "sha512-/J5hCJKu7EjwZUoapjj2bQ1GIF2K3KGx0oT+8V9Tw0xoxuxDGaAn8eaWYRtUukimciHU1I8oQWtcIiN8yraQPQ==",
      "requires": {
        "@types/cordova": "^0.0.34"
      }
    },
    "@types/cordova": {
      "version": "0.0.34",
      "resolved": "https://registry.npmjs.org/@types/cordova/-/cordova-0.0.34.tgz",
      "integrity": "sha1-6nrd907Ow9dimCegw54smt3HPQQ="
    }
  }
}
